<?xml version="1.0" encoding="utf-8"?>
<Project ToolsVersion="4.0" xmlns="http://schemas.microsoft.com/developer/msbuild/2003">
  <ItemGroup>
    <Filter Include="소스 파일">
      <UniqueIdentifier>{4FC737F1-C7A5-4376-A066-2A32D752A2FF}</UniqueIdentifier>
      <Extensions>cpp;c;cc;cxx;def;odl;idl;hpj;bat;asm;asmx</Extensions>
    </Filter>
    <Filter Include="헤더 파일">
      <UniqueIdentifier>{93995380-89BD-4b04-88EB-625FBE52EBFB}</UniqueIdentifier>
      <Extensions>h;hh;hpp;hxx;hm;inl;inc;ipp;xsd</Extensions>
    </Filter>
    <Filter Include="리소스 파일">
      <UniqueIdentifier>{67DA6AB6-F800-4c08-8B7A-83BB121AAD01}</UniqueIdentifier>
      <Extensions>rc;ico;cur;bmp;dlg;rc2;rct;bin;rgs;gif;jpg;jpeg;jpe;resx;tiff;tif;png;wav;mfcribbon-ms</Extensions>
    </Filter>
    <Filter Include="소스 파일\Custom">
      <UniqueIdentifier>{a0c3b3ce-e2f1-4ebe-a567-de8815bd490b}</UniqueIdentifier>
    </Filter>
    <Filter Include="소스 파일\01. Main">
      <UniqueIdentifier>{d0acab63-a1e0-43d7-8548-ed9929c4149b}</UniqueIdentifier>
    </Filter>
    <Filter Include="소스 파일\02. GameFramework">
      <UniqueIdentifier>{ffa92d33-c1a7-48a0-827c-2b163f8240a9}</UniqueIdentifier>
    </Filter>
    <Filter Include="소스 파일\03. Scene">
      <UniqueIdentifier>{027958cc-314d-433a-93e2-9ca448923fa8}</UniqueIdentifier>
    </Filter>
    <Filter Include="소스 파일\04. GameObject">
      <UniqueIdentifier>{ba4b4b22-80cc-4937-b451-b583a08e349c}</UniqueIdentifier>
    </Filter>
    <Filter Include="소스 파일\05. Camera">
      <UniqueIdentifier>{a13e3427-2f4f-46c7-bdd4-db828d481ee3}</UniqueIdentifier>
    </Filter>
    <Filter Include="소스 파일\04. GameObject\02. Mesh">
      <UniqueIdentifier>{e2f3b99a-a9a3-4b12-8178-311e86941528}</UniqueIdentifier>
    </Filter>
    <Filter Include="소스 파일\04. GameObject\01. Vertex">
      <UniqueIdentifier>{4cfba3ae-2766-42ac-b872-d90f496cc00f}</UniqueIdentifier>
    </Filter>
    <Filter Include="소스 파일\04. GameObject\03. Shader">
      <UniqueIdentifier>{10cc2c3e-9833-4468-ad31-ed69b8c1aa92}</UniqueIdentifier>
    </Filter>
    <Filter Include="소스 파일\04. GameObject\04. Texture">
      <UniqueIdentifier>{88e08209-cee3-4825-8f83-81dd465408a6}</UniqueIdentifier>
    </Filter>
    <Filter Include="소스 파일\DDSFileLoad">
      <UniqueIdentifier>{d487f86c-2748-4e31-9d4f-bd1d0b4639d0}</UniqueIdentifier>
    </Filter>
    <Filter Include="소스 파일\06. HLSL">
      <UniqueIdentifier>{04b1e7ec-37ca-4718-bec3-4c9d9d537c95}</UniqueIdentifier>
    </Filter>
    <Filter Include="소스 파일\04. GameObject\05. Material">
      <UniqueIdentifier>{b381f120-72ca-48c1-a3d6-920abe47fc2f}</UniqueIdentifier>
    </Filter>
    <Filter Include="소스 파일\04. GameObject\06. Child-Class">
      <UniqueIdentifier>{40ad34bb-3fd3-44b7-b1e6-9186318705e2}</UniqueIdentifier>
    </Filter>
    <Filter Include="소스 파일\04. GameObject\06. Child-Class\01. Player">
      <UniqueIdentifier>{dfe61ac3-f2ee-4c55-aafa-93f82823344c}</UniqueIdentifier>
    </Filter>
    <Filter Include="소스 파일\04. GameObject\06. Child-Class\02. Terrain">
      <UniqueIdentifier>{a5f62b38-7b61-4d49-a8db-843ea937fb45}</UniqueIdentifier>
    </Filter>
    <Filter Include="소스 파일\04. GameObject\06. Child-Class\03. Skybox">
      <UniqueIdentifier>{331ecc9c-3a4c-416d-859a-ae7f9ebbdfa5}</UniqueIdentifier>
    </Filter>
    <Filter Include="소스 파일\04. GameObject\06. Child-Class\04. UserInterface">
      <UniqueIdentifier>{70daaf41-5874-46c3-b821-5f528fdd0720}</UniqueIdentifier>
    </Filter>
  </ItemGroup>
  <ItemGroup>
    <ClInclude Include="targetver.h">
      <Filter>헤더 파일</Filter>
    </ClInclude>
    <ClInclude Include="Resource.h">
      <Filter>헤더 파일</Filter>
    </ClInclude>
    <ClInclude Include="stdafx.h">
      <Filter>소스 파일\Custom</Filter>
    </ClInclude>
    <ClInclude Include="MainGame.h">
      <Filter>소스 파일\01. Main</Filter>
    </ClInclude>
    <ClInclude Include="GameFramework.h">
      <Filter>소스 파일\02. GameFramework</Filter>
    </ClInclude>
    <ClInclude Include="Scene.h">
      <Filter>소스 파일\03. Scene</Filter>
    </ClInclude>
    <ClInclude Include="Shader.h">
      <Filter>소스 파일\04. GameObject\03. Shader</Filter>
    </ClInclude>
    <ClInclude Include="Vertex.h">
      <Filter>소스 파일\04. GameObject\01. Vertex</Filter>
    </ClInclude>
    <ClInclude Include="Mesh.h">
      <Filter>소스 파일\04. GameObject\02. Mesh</Filter>
    </ClInclude>
    <ClInclude Include="GameObject.h">
      <Filter>소스 파일\04. GameObject</Filter>
    </ClInclude>
    <ClInclude Include="Camera.h">
      <Filter>소스 파일\05. Camera</Filter>
    </ClInclude>
    <ClInclude Include="Texture.h">
      <Filter>소스 파일\04. GameObject\04. Texture</Filter>
    </ClInclude>
    <ClInclude Include="d3dx12.h">
      <Filter>소스 파일\DDSFileLoad</Filter>
    </ClInclude>
    <ClInclude Include="DDSTextureLoader12.h">
      <Filter>소스 파일\DDSFileLoad</Filter>
    </ClInclude>
    <ClInclude Include="Player.h">
      <Filter>소스 파일\04. GameObject\06. Child-Class\01. Player</Filter>
    </ClInclude>
    <ClInclude Include="Terrain.h">
      <Filter>소스 파일\04. GameObject\06. Child-Class\02. Terrain</Filter>
    </ClInclude>
    <ClInclude Include="Skybox.h">
      <Filter>소스 파일\04. GameObject\06. Child-Class\03. Skybox</Filter>
    </ClInclude>
    <ClInclude Include="UserInterface.h">
      <Filter>소스 파일\04. GameObject\06. Child-Class\04. UserInterface</Filter>
    </ClInclude>
    <ClInclude Include="Material.h">
      <Filter>소스 파일\04. GameObject\05. Material</Filter>
    </ClInclude>
  </ItemGroup>
  <ItemGroup>
    <ClCompile Include="MainGame.cpp">
      <Filter>소스 파일\01. Main</Filter>
    </ClCompile>
    <ClCompile Include="stdafx.cpp">
      <Filter>소스 파일\Custom</Filter>
    </ClCompile>
    <ClCompile Include="GameFramework.cpp">
      <Filter>소스 파일\02. GameFramework</Filter>
    </ClCompile>
    <ClCompile Include="Scene.cpp">
      <Filter>소스 파일\03. Scene</Filter>
    </ClCompile>
    <ClCompile Include="Shader.cpp">
      <Filter>소스 파일\04. GameObject\03. Shader</Filter>
    </ClCompile>
    <ClCompile Include="Vertex.cpp">
      <Filter>소스 파일\04. GameObject\01. Vertex</Filter>
    </ClCompile>
    <ClCompile Include="Mesh.cpp">
      <Filter>소스 파일\04. GameObject\02. Mesh</Filter>
    </ClCompile>
    <ClCompile Include="GameObject.cpp">
      <Filter>소스 파일\04. GameObject</Filter>
    </ClCompile>
    <ClCompile Include="Camera.cpp">
      <Filter>소스 파일\05. Camera</Filter>
    </ClCompile>
    <ClCompile Include="Texture.cpp">
      <Filter>소스 파일\04. GameObject\04. Texture</Filter>
    </ClCompile>
    <ClCompile Include="DDSTextureLoader12.cpp">
      <Filter>소스 파일\DDSFileLoad</Filter>
    </ClCompile>
    <ClCompile Include="Player.cpp">
      <Filter>소스 파일\04. GameObject\06. Child-Class\01. Player</Filter>
    </ClCompile>
    <ClCompile Include="Terrain.cpp">
      <Filter>소스 파일\04. GameObject\06. Child-Class\02. Terrain</Filter>
    </ClCompile>
    <ClCompile Include="Skybox.cpp">
      <Filter>소스 파일\04. GameObject\06. Child-Class\03. Skybox</Filter>
    </ClCompile>
    <ClCompile Include="UserInterface.cpp">
      <Filter>소스 파일\04. GameObject\06. Child-Class\04. UserInterface</Filter>
    </ClCompile>
    <ClCompile Include="Material.cpp">
      <Filter>소스 파일\04. GameObject\05. Material</Filter>
    </ClCompile>
  </ItemGroup>
  <ItemGroup>
    <ResourceCompile Include="MainGame.rc">
      <Filter>리소스 파일</Filter>
    </ResourceCompile>
  </ItemGroup>
  <ItemGroup>
    <Image Include="small.ico">
      <Filter>리소스 파일</Filter>
    </Image>
    <Image Include="MainGame.ico">
      <Filter>리소스 파일</Filter>
    </Image>
  </ItemGroup>
  <ItemGroup>
    <FxCompile Include="Shader.hlsl">
      <Filter>소스 파일\06. HLSL</Filter>
    </FxCompile>
  </ItemGroup>
</Project>